
Microsoft Visual Studio Solution File, Format Version 12.00
# Visual Studio Version 17
VisualStudioVersion = 17.9.34723.18
MinimumVisualStudioVersion = 10.0.40219.1
Project("{FAE04EC0-301F-11D3-BF4B-00C04F79EFBC}") = "IntegrateMongo1", "IntegrateMongo1\IntegrateMongo1.csproj", "{52D2A44B-AB85-4D1E-8866-900445CDC5F8}"
EndProject
Global
	GlobalSection(SolutionConfigurationPlatforms) = preSolution
		Debug|Any CPU = Debug|Any CPU
		Release|Any CPU = Release|Any CPU
	EndGlobalSection
	GlobalSection(ProjectConfigurationPlatforms) = postSolution
		{52D2A44B-AB85-4D1E-8866-900445CDC5F8}.Debug|Any CPU.ActiveCfg = Debug|Any CPU
		{52D2A44B-AB85-4D1E-8866-900445CDC5F8}.Debug|Any CPU.Build.0 = Debug|Any CPU
		{52D2A44B-AB85-4D1E-8866-900445CDC5F8}.Release|Any CPU.ActiveCfg = Release|Any CPU
		{52D2A44B-AB85-4D1E-8866-900445CDC5F8}.Release|Any CPU.Build.0 = Release|Any CPU
	EndGlobalSection
	GlobalSection(SolutionProperties) = preSolution
		HideSolutionNode = FALSE
	EndGlobalSection
	GlobalSection(ExtensibilityGlobals) = postSolution
		SolutionGuid = {63BE82BB-9B00-470D-B013-0DAA601148DD}
	EndGlobalSection
EndGlobal
